
Microsoft Visual Studio Solution File, Format Version 12.00
# Visual Studio Version 17
VisualStudioVersion = 17.7.34024.191
MinimumVisualStudioVersion = 10.0.40219.1
Project("{8BC9CEB8-8B4A-11D0-8D11-00A0C91BC942}") = "FirstConsoleApplication", "FirstConsoleApplication\FirstConsoleApplication.vcxproj", "{F9750A1F-F571-48A0-BB5A-1B2A38FDB393}"
EndProject
Project("{8BC9CEB8-8B4A-11D0-8D11-00A0C91BC942}") = "VariableConsoleApplication", "VariableConsoleApplication\VariableConsoleApplication.vcxproj", "{555155D5-41CD-4C9F-B245-666ABC18BD2A}"
EndProject
Project("{2150E333-8FDC-42A3-9474-1A3956D46DE8}") = "01.Podstawy", "01.Podstawy", "{B8DAEC72-6F14-4812-8561-00E2954FB3C4}"
EndProject
Project("{2150E333-8FDC-42A3-9474-1A3956D46DE8}") = "02.Instrukcje decyzyjne", "02.Instrukcje decyzyjne", "{F77CDA6E-CD9F-4869-8CF6-ABB9EEC3A363}"
EndProject
Project("{8BC9CEB8-8B4A-11D0-8D11-00A0C91BC942}") = "InstrucionIfConsoleApplication", "InstrucionIfConsoleApplication\InstrucionIfConsoleApplication.vcxproj", "{F2935E1D-0EA2-4957-AF78-04B55876B1CC}"
EndProject
Project("{8BC9CEB8-8B4A-11D0-8D11-00A0C91BC942}") = "LoopDoWhileConsoleApplication", "LoopDoWhileConsoleApplication\LoopDoWhileConsoleApplication.vcxproj", "{D10090CE-F756-491F-9D00-7E867DE84A76}"
EndProject
Project("{8BC9CEB8-8B4A-11D0-8D11-00A0C91BC942}") = "LoopWhileConsoleApplication", "LoopWhileConsoleApplication\LoopWhileConsoleApplication.vcxproj", "{667F4C04-510C-4B3C-AA07-90BFCA7835D7}"
EndProject
Project("{8BC9CEB8-8B4A-11D0-8D11-00A0C91BC942}") = "LoopForConsoleApplication", "LoopForConsoleApplication\LoopForConsoleApplication.vcxproj", "{00B4981C-F635-4257-B87B-B29E2BAB3714}"
EndProject
Project("{2150E333-8FDC-42A3-9474-1A3956D46DE8}") = "03.Kolekcje", "03.Kolekcje", "{0A6BC50D-9F82-4BBD-AA4A-5D0F4C0405CA}"
EndProject
Project("{8BC9CEB8-8B4A-11D0-8D11-00A0C91BC942}") = "CharactersConsoleApplication", "CharactersConsoleApplication\CharactersConsoleApplication.vcxproj", "{9D13FC8E-2945-4195-8AD4-A4B7B6B8499B}"
EndProject
Project("{8BC9CEB8-8B4A-11D0-8D11-00A0C91BC942}") = "ArrayConsoleApplication", "ArrayConsoleApplication\ArrayConsoleApplication.vcxproj", "{5B95710D-C311-442A-B702-EB5B8D32DAC6}"
EndProject
Project("{2150E333-8FDC-42A3-9474-1A3956D46DE8}") = "04.Funkcje", "04.Funkcje", "{0ACFCE55-A902-4004-BF92-999ADE1F997D}"
EndProject
Project("{8BC9CEB8-8B4A-11D0-8D11-00A0C91BC942}") = "FunctionConsoleApplication", "FunctionConsoleApplication\FunctionConsoleApplication.vcxproj", "{CF8ABB64-AE24-442C-B0C1-34E7D58F8B69}"
EndProject
Project("{2150E333-8FDC-42A3-9474-1A3956D46DE8}") = "05. Wskaźniki", "05. Wskaźniki", "{B6CDFD44-DB35-4C93-8584-E998C5875E79}"
EndProject
Project("{8BC9CEB8-8B4A-11D0-8D11-00A0C91BC942}") = "PointersConsoleApplication", "PointersConsoleApplication\PointersConsoleApplication.vcxproj", "{51632821-EABF-4BCE-B511-C32F1993F3A1}"
EndProject
Project("{2150E333-8FDC-42A3-9474-1A3956D46DE8}") = "06. Zadania", "06. Zadania", "{E739B1E0-E362-45D5-83DF-DFA09705EF5D}"
EndProject
Project("{8BC9CEB8-8B4A-11D0-8D11-00A0C91BC942}") = "TasksConsoleApplication", "TasksConsoleApplication\TasksConsoleApplication.vcxproj", "{850A975D-AE5A-4481-BCD8-FCCBFA0C0A21}"
EndProject
Project("{8BC9CEB8-8B4A-11D0-8D11-00A0C91BC942}") = "SnakeConsoleApplication", "SnakeConsoleApplication\SnakeConsoleApplication.vcxproj", "{7D21E5B6-8635-4A2B-8953-168E9CA0C5FE}"
EndProject
Project("{8BC9CEB8-8B4A-11D0-8D11-00A0C91BC942}") = "SkyConsoleApplication", "SkyConsoleApplication\SkyConsoleApplication.vcxproj", "{3493DF9F-D5B6-4DB1-AB1F-B052AC43305C}"
EndProject
Project("{8BC9CEB8-8B4A-11D0-8D11-00A0C91BC942}") = "DrawasquarConsoleApplication", "DrawasquarConsoleApplication\DrawasquarConsoleApplication.vcxproj", "{C9022453-D3F7-45A8-9C42-FA4DE1C85965}"
EndProject
Project("{8BC9CEB8-8B4A-11D0-8D11-00A0C91BC942}") = "StoperConsoleApplication", "StoperConsoleApplication\StoperConsoleApplication.vcxproj", "{DFB291E0-5ECD-408D-9DEE-44217BACF89F}"
EndProject
Project("{2150E333-8FDC-42A3-9474-1A3956D46DE8}") = "Strukturalne", "Strukturalne", "{BD368205-EEA4-4D9D-91E2-1C663D644453}"
EndProject
Project("{2150E333-8FDC-42A3-9474-1A3956D46DE8}") = "Obiektowe", "Obiektowe", "{A2CC847C-0C0C-41CE-8B9D-7908C7D2D2C4}"
EndProject
Project("{2150E333-8FDC-42A3-9474-1A3956D46DE8}") = "01.Struktury", "01.Struktury", "{6B609591-031A-4870-AC4D-E4E58AC6D337}"
EndProject
Project("{8BC9CEB8-8B4A-11D0-8D11-00A0C91BC942}") = "FirstStructConsoleApplication", "FirstStructConsoleApplication\FirstStructConsoleApplication.vcxproj", "{269CA0F5-4F57-4334-88D7-4C1281A181ED}"
EndProject
Project("{2150E333-8FDC-42A3-9474-1A3956D46DE8}") = "02.Podstawy obiektowe", "02.Podstawy obiektowe", "{51C8C3A3-EF20-4A03-99E0-F700EBF05D7E}"
EndProject
Project("{8BC9CEB8-8B4A-11D0-8D11-00A0C91BC942}") = "FirstObjectConsoleApplication", "FirstObjectConsoleApplication\FirstObjectConsoleApplication.vcxproj", "{AB3A43A1-7F7C-4469-9B64-485D5FC32AF8}"
EndProject
Project("{8BC9CEB8-8B4A-11D0-8D11-00A0C91BC942}") = "ReadAndWriteInFilesConsoleApplication", "ReadAndWriteInFilesConsoleApplication\ReadAndWriteInFilesConsoleApplication.vcxproj", "{03CFB367-D7BC-4DFC-AA0D-8794DFB7BFFA}"
EndProject
Project("{8BC9CEB8-8B4A-11D0-8D11-00A0C91BC942}") = "StringConsoleApplication", "StringConsoleApplication\StringConsoleApplication.vcxproj", "{030F8189-D13A-4C1A-A530-0DA6BF4BF616}"
EndProject
Project("{8BC9CEB8-8B4A-11D0-8D11-00A0C91BC942}") = "InheritanceConsoleApplication", "InheritanceConsoleApplication\InheritanceConsoleApplication.vcxproj", "{BEEE8D79-9F7A-41DA-9866-FCF6A33ED662}"
EndProject
Project("{8BC9CEB8-8B4A-11D0-8D11-00A0C91BC942}") = "FigureConsoleApplication", "FigureConsoleApplication\FigureConsoleApplication.vcxproj", "{15AE53E4-DCEC-49D4-8DFF-6CA189A9F982}"
EndProject
Project("{2150E333-8FDC-42A3-9474-1A3956D46DE8}") = "Matura", "Matura", "{1ED810FB-24E1-4C47-A66A-35A48748F489}"
EndProject
Project("{8BC9CEB8-8B4A-11D0-8D11-00A0C91BC942}") = "MaturaMaj2022jConsoleApplication", "MaturaMaj2022jConsoleApplication\MaturaMaj2022jConsoleApplication.vcxproj", "{D8939C4D-7CFF-48B3-B149-704E9FB05F16}"
EndProject
Project("{8BC9CEB8-8B4A-11D0-8D11-00A0C91BC942}") = "MaturaCzerwiec2022ConsoleApplication", "MaturaCzerwiec2022ConsoleApplication\MaturaCzerwiec2022ConsoleApplication.vcxproj", "{4D8C9EBE-1695-423E-8793-1C808CB7816E}"
EndProject
Global
	GlobalSection(SolutionConfigurationPlatforms) = preSolution
		Debug|x64 = Debug|x64
		Debug|x86 = Debug|x86
		Release|x64 = Release|x64
		Release|x86 = Release|x86
	EndGlobalSection
	GlobalSection(ProjectConfigurationPlatforms) = postSolution
		{F9750A1F-F571-48A0-BB5A-1B2A38FDB393}.Debug|x64.ActiveCfg = Debug|x64
		{F9750A1F-F571-48A0-BB5A-1B2A38FDB393}.Debug|x64.Build.0 = Debug|x64
		{F9750A1F-F571-48A0-BB5A-1B2A38FDB393}.Debug|x86.ActiveCfg = Debug|Win32
		{F9750A1F-F571-48A0-BB5A-1B2A38FDB393}.Debug|x86.Build.0 = Debug|Win32
		{F9750A1F-F571-48A0-BB5A-1B2A38FDB393}.Release|x64.ActiveCfg = Release|x64
		{F9750A1F-F571-48A0-BB5A-1B2A38FDB393}.Release|x64.Build.0 = Release|x64
		{F9750A1F-F571-48A0-BB5A-1B2A38FDB393}.Release|x86.ActiveCfg = Release|Win32
		{F9750A1F-F571-48A0-BB5A-1B2A38FDB393}.Release|x86.Build.0 = Release|Win32
		{555155D5-41CD-4C9F-B245-666ABC18BD2A}.Debug|x64.ActiveCfg = Debug|x64
		{555155D5-41CD-4C9F-B245-666ABC18BD2A}.Debug|x64.Build.0 = Debug|x64
		{555155D5-41CD-4C9F-B245-666ABC18BD2A}.Debug|x86.ActiveCfg = Debug|Win32
		{555155D5-41CD-4C9F-B245-666ABC18BD2A}.Debug|x86.Build.0 = Debug|Win32
		{555155D5-41CD-4C9F-B245-666ABC18BD2A}.Release|x64.ActiveCfg = Release|x64
		{555155D5-41CD-4C9F-B245-666ABC18BD2A}.Release|x64.Build.0 = Release|x64
		{555155D5-41CD-4C9F-B245-666ABC18BD2A}.Release|x86.ActiveCfg = Release|Win32
		{555155D5-41CD-4C9F-B245-666ABC18BD2A}.Release|x86.Build.0 = Release|Win32
		{F2935E1D-0EA2-4957-AF78-04B55876B1CC}.Debug|x64.ActiveCfg = Debug|x64
		{F2935E1D-0EA2-4957-AF78-04B55876B1CC}.Debug|x64.Build.0 = Debug|x64
		{F2935E1D-0EA2-4957-AF78-04B55876B1CC}.Debug|x86.ActiveCfg = Debug|Win32
		{F2935E1D-0EA2-4957-AF78-04B55876B1CC}.Debug|x86.Build.0 = Debug|Win32
		{F2935E1D-0EA2-4957-AF78-04B55876B1CC}.Release|x64.ActiveCfg = Release|x64
		{F2935E1D-0EA2-4957-AF78-04B55876B1CC}.Release|x64.Build.0 = Release|x64
		{F2935E1D-0EA2-4957-AF78-04B55876B1CC}.Release|x86.ActiveCfg = Release|Win32
		{F2935E1D-0EA2-4957-AF78-04B55876B1CC}.Release|x86.Build.0 = Release|Win32
		{D10090CE-F756-491F-9D00-7E867DE84A76}.Debug|x64.ActiveCfg = Debug|x64
		{D10090CE-F756-491F-9D00-7E867DE84A76}.Debug|x64.Build.0 = Debug|x64
		{D10090CE-F756-491F-9D00-7E867DE84A76}.Debug|x86.ActiveCfg = Debug|Win32
		{D10090CE-F756-491F-9D00-7E867DE84A76}.Debug|x86.Build.0 = Debug|Win32
		{D10090CE-F756-491F-9D00-7E867DE84A76}.Release|x64.ActiveCfg = Release|x64
		{D10090CE-F756-491F-9D00-7E867DE84A76}.Release|x64.Build.0 = Release|x64
		{D10090CE-F756-491F-9D00-7E867DE84A76}.Release|x86.ActiveCfg = Release|Win32
		{D10090CE-F756-491F-9D00-7E867DE84A76}.Release|x86.Build.0 = Release|Win32
		{667F4C04-510C-4B3C-AA07-90BFCA7835D7}.Debug|x64.ActiveCfg = Debug|x64
		{667F4C04-510C-4B3C-AA07-90BFCA7835D7}.Debug|x64.Build.0 = Debug|x64
		{667F4C04-510C-4B3C-AA07-90BFCA7835D7}.Debug|x86.ActiveCfg = Debug|Win32
		{667F4C04-510C-4B3C-AA07-90BFCA7835D7}.Debug|x86.Build.0 = Debug|Win32
		{667F4C04-510C-4B3C-AA07-90BFCA7835D7}.Release|x64.ActiveCfg = Release|x64
		{667F4C04-510C-4B3C-AA07-90BFCA7835D7}.Release|x64.Build.0 = Release|x64
		{667F4C04-510C-4B3C-AA07-90BFCA7835D7}.Release|x86.ActiveCfg = Release|Win32
		{667F4C04-510C-4B3C-AA07-90BFCA7835D7}.Release|x86.Build.0 = Release|Win32
		{00B4981C-F635-4257-B87B-B29E2BAB3714}.Debug|x64.ActiveCfg = Debug|x64
		{00B4981C-F635-4257-B87B-B29E2BAB3714}.Debug|x64.Build.0 = Debug|x64
		{00B4981C-F635-4257-B87B-B29E2BAB3714}.Debug|x86.ActiveCfg = Debug|Win32
		{00B4981C-F635-4257-B87B-B29E2BAB3714}.Debug|x86.Build.0 = Debug|Win32
		{00B4981C-F635-4257-B87B-B29E2BAB3714}.Release|x64.ActiveCfg = Release|x64
		{00B4981C-F635-4257-B87B-B29E2BAB3714}.Release|x64.Build.0 = Release|x64
		{00B4981C-F635-4257-B87B-B29E2BAB3714}.Release|x86.ActiveCfg = Release|Win32
		{00B4981C-F635-4257-B87B-B29E2BAB3714}.Release|x86.Build.0 = Release|Win32
		{9D13FC8E-2945-4195-8AD4-A4B7B6B8499B}.Debug|x64.ActiveCfg = Debug|x64
		{9D13FC8E-2945-4195-8AD4-A4B7B6B8499B}.Debug|x64.Build.0 = Debug|x64
		{9D13FC8E-2945-4195-8AD4-A4B7B6B8499B}.Debug|x86.ActiveCfg = Debug|Win32
		{9D13FC8E-2945-4195-8AD4-A4B7B6B8499B}.Debug|x86.Build.0 = Debug|Win32
		{9D13FC8E-2945-4195-8AD4-A4B7B6B8499B}.Release|x64.ActiveCfg = Release|x64
		{9D13FC8E-2945-4195-8AD4-A4B7B6B8499B}.Release|x64.Build.0 = Release|x64
		{9D13FC8E-2945-4195-8AD4-A4B7B6B8499B}.Release|x86.ActiveCfg = Release|Win32
		{9D13FC8E-2945-4195-8AD4-A4B7B6B8499B}.Release|x86.Build.0 = Release|Win32
		{5B95710D-C311-442A-B702-EB5B8D32DAC6}.Debug|x64.ActiveCfg = Debug|x64
		{5B95710D-C311-442A-B702-EB5B8D32DAC6}.Debug|x64.Build.0 = Debug|x64
		{5B95710D-C311-442A-B702-EB5B8D32DAC6}.Debug|x86.ActiveCfg = Debug|Win32
		{5B95710D-C311-442A-B702-EB5B8D32DAC6}.Debug|x86.Build.0 = Debug|Win32
		{5B95710D-C311-442A-B702-EB5B8D32DAC6}.Release|x64.ActiveCfg = Release|x64
		{5B95710D-C311-442A-B702-EB5B8D32DAC6}.Release|x64.Build.0 = Release|x64
		{5B95710D-C311-442A-B702-EB5B8D32DAC6}.Release|x86.ActiveCfg = Release|Win32
		{5B95710D-C311-442A-B702-EB5B8D32DAC6}.Release|x86.Build.0 = Release|Win32
		{CF8ABB64-AE24-442C-B0C1-34E7D58F8B69}.Debug|x64.ActiveCfg = Debug|x64
		{CF8ABB64-AE24-442C-B0C1-34E7D58F8B69}.Debug|x64.Build.0 = Debug|x64
		{CF8ABB64-AE24-442C-B0C1-34E7D58F8B69}.Debug|x86.ActiveCfg = Debug|Win32
		{CF8ABB64-AE24-442C-B0C1-34E7D58F8B69}.Debug|x86.Build.0 = Debug|Win32
		{CF8ABB64-AE24-442C-B0C1-34E7D58F8B69}.Release|x64.ActiveCfg = Release|x64
		{CF8ABB64-AE24-442C-B0C1-34E7D58F8B69}.Release|x64.Build.0 = Release|x64
		{CF8ABB64-AE24-442C-B0C1-34E7D58F8B69}.Release|x86.ActiveCfg = Release|Win32
		{CF8ABB64-AE24-442C-B0C1-34E7D58F8B69}.Release|x86.Build.0 = Release|Win32
		{51632821-EABF-4BCE-B511-C32F1993F3A1}.Debug|x64.ActiveCfg = Debug|x64
		{51632821-EABF-4BCE-B511-C32F1993F3A1}.Debug|x64.Build.0 = Debug|x64
		{51632821-EABF-4BCE-B511-C32F1993F3A1}.Debug|x86.ActiveCfg = Debug|Win32
		{51632821-EABF-4BCE-B511-C32F1993F3A1}.Debug|x86.Build.0 = Debug|Win32
		{51632821-EABF-4BCE-B511-C32F1993F3A1}.Release|x64.ActiveCfg = Release|x64
		{51632821-EABF-4BCE-B511-C32F1993F3A1}.Release|x64.Build.0 = Release|x64
		{51632821-EABF-4BCE-B511-C32F1993F3A1}.Release|x86.ActiveCfg = Release|Win32
		{51632821-EABF-4BCE-B511-C32F1993F3A1}.Release|x86.Build.0 = Release|Win32
		{850A975D-AE5A-4481-BCD8-FCCBFA0C0A21}.Debug|x64.ActiveCfg = Debug|x64
		{850A975D-AE5A-4481-BCD8-FCCBFA0C0A21}.Debug|x64.Build.0 = Debug|x64
		{850A975D-AE5A-4481-BCD8-FCCBFA0C0A21}.Debug|x86.ActiveCfg = Debug|Win32
		{850A975D-AE5A-4481-BCD8-FCCBFA0C0A21}.Debug|x86.Build.0 = Debug|Win32
		{850A975D-AE5A-4481-BCD8-FCCBFA0C0A21}.Release|x64.ActiveCfg = Release|x64
		{850A975D-AE5A-4481-BCD8-FCCBFA0C0A21}.Release|x64.Build.0 = Release|x64
		{850A975D-AE5A-4481-BCD8-FCCBFA0C0A21}.Release|x86.ActiveCfg = Release|Win32
		{850A975D-AE5A-4481-BCD8-FCCBFA0C0A21}.Release|x86.Build.0 = Release|Win32
		{7D21E5B6-8635-4A2B-8953-168E9CA0C5FE}.Debug|x64.ActiveCfg = Debug|x64
		{7D21E5B6-8635-4A2B-8953-168E9CA0C5FE}.Debug|x64.Build.0 = Debug|x64
		{7D21E5B6-8635-4A2B-8953-168E9CA0C5FE}.Debug|x86.ActiveCfg = Debug|Win32
		{7D21E5B6-8635-4A2B-8953-168E9CA0C5FE}.Debug|x86.Build.0 = Debug|Win32
		{7D21E5B6-8635-4A2B-8953-168E9CA0C5FE}.Release|x64.ActiveCfg = Release|x64
		{7D21E5B6-8635-4A2B-8953-168E9CA0C5FE}.Release|x64.Build.0 = Release|x64
		{7D21E5B6-8635-4A2B-8953-168E9CA0C5FE}.Release|x86.ActiveCfg = Release|Win32
		{7D21E5B6-8635-4A2B-8953-168E9CA0C5FE}.Release|x86.Build.0 = Release|Win32
		{3493DF9F-D5B6-4DB1-AB1F-B052AC43305C}.Debug|x64.ActiveCfg = Debug|x64
		{3493DF9F-D5B6-4DB1-AB1F-B052AC43305C}.Debug|x64.Build.0 = Debug|x64
		{3493DF9F-D5B6-4DB1-AB1F-B052AC43305C}.Debug|x86.ActiveCfg = Debug|Win32
		{3493DF9F-D5B6-4DB1-AB1F-B052AC43305C}.Debug|x86.Build.0 = Debug|Win32
		{3493DF9F-D5B6-4DB1-AB1F-B052AC43305C}.Release|x64.ActiveCfg = Release|x64
		{3493DF9F-D5B6-4DB1-AB1F-B052AC43305C}.Release|x64.Build.0 = Release|x64
		{3493DF9F-D5B6-4DB1-AB1F-B052AC43305C}.Release|x86.ActiveCfg = Release|Win32
		{3493DF9F-D5B6-4DB1-AB1F-B052AC43305C}.Release|x86.Build.0 = Release|Win32
		{C9022453-D3F7-45A8-9C42-FA4DE1C85965}.Debug|x64.ActiveCfg = Debug|x64
		{C9022453-D3F7-45A8-9C42-FA4DE1C85965}.Debug|x64.Build.0 = Debug|x64
		{C9022453-D3F7-45A8-9C42-FA4DE1C85965}.Debug|x86.ActiveCfg = Debug|Win32
		{C9022453-D3F7-45A8-9C42-FA4DE1C85965}.Debug|x86.Build.0 = Debug|Win32
		{C9022453-D3F7-45A8-9C42-FA4DE1C85965}.Release|x64.ActiveCfg = Release|x64
		{C9022453-D3F7-45A8-9C42-FA4DE1C85965}.Release|x64.Build.0 = Release|x64
		{C9022453-D3F7-45A8-9C42-FA4DE1C85965}.Release|x86.ActiveCfg = Release|Win32
		{C9022453-D3F7-45A8-9C42-FA4DE1C85965}.Release|x86.Build.0 = Release|Win32
		{DFB291E0-5ECD-408D-9DEE-44217BACF89F}.Debug|x64.ActiveCfg = Debug|x64
		{DFB291E0-5ECD-408D-9DEE-44217BACF89F}.Debug|x64.Build.0 = Debug|x64
		{DFB291E0-5ECD-408D-9DEE-44217BACF89F}.Debug|x86.ActiveCfg = Debug|Win32
		{DFB291E0-5ECD-408D-9DEE-44217BACF89F}.Debug|x86.Build.0 = Debug|Win32
		{DFB291E0-5ECD-408D-9DEE-44217BACF89F}.Release|x64.ActiveCfg = Release|x64
		{DFB291E0-5ECD-408D-9DEE-44217BACF89F}.Release|x64.Build.0 = Release|x64
		{DFB291E0-5ECD-408D-9DEE-44217BACF89F}.Release|x86.ActiveCfg = Release|Win32
		{DFB291E0-5ECD-408D-9DEE-44217BACF89F}.Release|x86.Build.0 = Release|Win32
		{269CA0F5-4F57-4334-88D7-4C1281A181ED}.Debug|x64.ActiveCfg = Debug|x64
		{269CA0F5-4F57-4334-88D7-4C1281A181ED}.Debug|x64.Build.0 = Debug|x64
		{269CA0F5-4F57-4334-88D7-4C1281A181ED}.Debug|x86.ActiveCfg = Debug|Win32
		{269CA0F5-4F57-4334-88D7-4C1281A181ED}.Debug|x86.Build.0 = Debug|Win32
		{269CA0F5-4F57-4334-88D7-4C1281A181ED}.Release|x64.ActiveCfg = Release|x64
		{269CA0F5-4F57-4334-88D7-4C1281A181ED}.Release|x64.Build.0 = Release|x64
		{269CA0F5-4F57-4334-88D7-4C1281A181ED}.Release|x86.ActiveCfg = Release|Win32
		{269CA0F5-4F57-4334-88D7-4C1281A181ED}.Release|x86.Build.0 = Release|Win32
		{AB3A43A1-7F7C-4469-9B64-485D5FC32AF8}.Debug|x64.ActiveCfg = Debug|x64
		{AB3A43A1-7F7C-4469-9B64-485D5FC32AF8}.Debug|x64.Build.0 = Debug|x64
		{AB3A43A1-7F7C-4469-9B64-485D5FC32AF8}.Debug|x86.ActiveCfg = Debug|Win32
		{AB3A43A1-7F7C-4469-9B64-485D5FC32AF8}.Debug|x86.Build.0 = Debug|Win32
		{AB3A43A1-7F7C-4469-9B64-485D5FC32AF8}.Release|x64.ActiveCfg = Release|x64
		{AB3A43A1-7F7C-4469-9B64-485D5FC32AF8}.Release|x64.Build.0 = Release|x64
		{AB3A43A1-7F7C-4469-9B64-485D5FC32AF8}.Release|x86.ActiveCfg = Release|Win32
		{AB3A43A1-7F7C-4469-9B64-485D5FC32AF8}.Release|x86.Build.0 = Release|Win32
		{03CFB367-D7BC-4DFC-AA0D-8794DFB7BFFA}.Debug|x64.ActiveCfg = Debug|x64
		{03CFB367-D7BC-4DFC-AA0D-8794DFB7BFFA}.Debug|x64.Build.0 = Debug|x64
		{03CFB367-D7BC-4DFC-AA0D-8794DFB7BFFA}.Debug|x86.ActiveCfg = Debug|Win32
		{03CFB367-D7BC-4DFC-AA0D-8794DFB7BFFA}.Debug|x86.Build.0 = Debug|Win32
		{03CFB367-D7BC-4DFC-AA0D-8794DFB7BFFA}.Release|x64.ActiveCfg = Release|x64
		{03CFB367-D7BC-4DFC-AA0D-8794DFB7BFFA}.Release|x64.Build.0 = Release|x64
		{03CFB367-D7BC-4DFC-AA0D-8794DFB7BFFA}.Release|x86.ActiveCfg = Release|Win32
		{03CFB367-D7BC-4DFC-AA0D-8794DFB7BFFA}.Release|x86.Build.0 = Release|Win32
		{030F8189-D13A-4C1A-A530-0DA6BF4BF616}.Debug|x64.ActiveCfg = Debug|x64
		{030F8189-D13A-4C1A-A530-0DA6BF4BF616}.Debug|x64.Build.0 = Debug|x64
		{030F8189-D13A-4C1A-A530-0DA6BF4BF616}.Debug|x86.ActiveCfg = Debug|Win32
		{030F8189-D13A-4C1A-A530-0DA6BF4BF616}.Debug|x86.Build.0 = Debug|Win32
		{030F8189-D13A-4C1A-A530-0DA6BF4BF616}.Release|x64.ActiveCfg = Release|x64
		{030F8189-D13A-4C1A-A530-0DA6BF4BF616}.Release|x64.Build.0 = Release|x64
		{030F8189-D13A-4C1A-A530-0DA6BF4BF616}.Release|x86.ActiveCfg = Release|Win32
		{030F8189-D13A-4C1A-A530-0DA6BF4BF616}.Release|x86.Build.0 = Release|Win32
		{BEEE8D79-9F7A-41DA-9866-FCF6A33ED662}.Debug|x64.ActiveCfg = Debug|x64
		{BEEE8D79-9F7A-41DA-9866-FCF6A33ED662}.Debug|x64.Build.0 = Debug|x64
		{BEEE8D79-9F7A-41DA-9866-FCF6A33ED662}.Debug|x86.ActiveCfg = Debug|Win32
		{BEEE8D79-9F7A-41DA-9866-FCF6A33ED662}.Debug|x86.Build.0 = Debug|Win32
		{BEEE8D79-9F7A-41DA-9866-FCF6A33ED662}.Release|x64.ActiveCfg = Release|x64
		{BEEE8D79-9F7A-41DA-9866-FCF6A33ED662}.Release|x64.Build.0 = Release|x64
		{BEEE8D79-9F7A-41DA-9866-FCF6A33ED662}.Release|x86.ActiveCfg = Release|Win32
		{BEEE8D79-9F7A-41DA-9866-FCF6A33ED662}.Release|x86.Build.0 = Release|Win32
		{15AE53E4-DCEC-49D4-8DFF-6CA189A9F982}.Debug|x64.ActiveCfg = Debug|x64
		{15AE53E4-DCEC-49D4-8DFF-6CA189A9F982}.Debug|x64.Build.0 = Debug|x64
		{15AE53E4-DCEC-49D4-8DFF-6CA189A9F982}.Debug|x86.ActiveCfg = Debug|Win32
		{15AE53E4-DCEC-49D4-8DFF-6CA189A9F982}.Debug|x86.Build.0 = Debug|Win32
		{15AE53E4-DCEC-49D4-8DFF-6CA189A9F982}.Release|x64.ActiveCfg = Release|x64
		{15AE53E4-DCEC-49D4-8DFF-6CA189A9F982}.Release|x64.Build.0 = Release|x64
		{15AE53E4-DCEC-49D4-8DFF-6CA189A9F982}.Release|x86.ActiveCfg = Release|Win32
		{15AE53E4-DCEC-49D4-8DFF-6CA189A9F982}.Release|x86.Build.0 = Release|Win32
		{D8939C4D-7CFF-48B3-B149-704E9FB05F16}.Debug|x64.ActiveCfg = Debug|x64
		{D8939C4D-7CFF-48B3-B149-704E9FB05F16}.Debug|x64.Build.0 = Debug|x64
		{D8939C4D-7CFF-48B3-B149-704E9FB05F16}.Debug|x86.ActiveCfg = Debug|Win32
		{D8939C4D-7CFF-48B3-B149-704E9FB05F16}.Debug|x86.Build.0 = Debug|Win32
		{D8939C4D-7CFF-48B3-B149-704E9FB05F16}.Release|x64.ActiveCfg = Release|x64
		{D8939C4D-7CFF-48B3-B149-704E9FB05F16}.Release|x64.Build.0 = Release|x64
		{D8939C4D-7CFF-48B3-B149-704E9FB05F16}.Release|x86.ActiveCfg = Release|Win32
		{D8939C4D-7CFF-48B3-B149-704E9FB05F16}.Release|x86.Build.0 = Release|Win32
		{4D8C9EBE-1695-423E-8793-1C808CB7816E}.Debug|x64.ActiveCfg = Debug|x64
		{4D8C9EBE-1695-423E-8793-1C808CB7816E}.Debug|x64.Build.0 = Debug|x64
		{4D8C9EBE-1695-423E-8793-1C808CB7816E}.Debug|x86.ActiveCfg = Debug|Win32
		{4D8C9EBE-1695-423E-8793-1C808CB7816E}.Debug|x86.Build.0 = Debug|Win32
		{4D8C9EBE-1695-423E-8793-1C808CB7816E}.Release|x64.ActiveCfg = Release|x64
		{4D8C9EBE-1695-423E-8793-1C808CB7816E}.Release|x64.Build.0 = Release|x64
		{4D8C9EBE-1695-423E-8793-1C808CB7816E}.Release|x86.ActiveCfg = Release|Win32
		{4D8C9EBE-1695-423E-8793-1C808CB7816E}.Release|x86.Build.0 = Release|Win32
	EndGlobalSection
	GlobalSection(SolutionProperties) = preSolution
		HideSolutionNode = FALSE
	EndGlobalSection
	GlobalSection(NestedProjects) = preSolution
		{F9750A1F-F571-48A0-BB5A-1B2A38FDB393} = {B8DAEC72-6F14-4812-8561-00E2954FB3C4}
		{555155D5-41CD-4C9F-B245-666ABC18BD2A} = {B8DAEC72-6F14-4812-8561-00E2954FB3C4}
		{B8DAEC72-6F14-4812-8561-00E2954FB3C4} = {BD368205-EEA4-4D9D-91E2-1C663D644453}
		{F77CDA6E-CD9F-4869-8CF6-ABB9EEC3A363} = {BD368205-EEA4-4D9D-91E2-1C663D644453}
		{F2935E1D-0EA2-4957-AF78-04B55876B1CC} = {F77CDA6E-CD9F-4869-8CF6-ABB9EEC3A363}
		{D10090CE-F756-491F-9D00-7E867DE84A76} = {F77CDA6E-CD9F-4869-8CF6-ABB9EEC3A363}
		{667F4C04-510C-4B3C-AA07-90BFCA7835D7} = {F77CDA6E-CD9F-4869-8CF6-ABB9EEC3A363}
		{00B4981C-F635-4257-B87B-B29E2BAB3714} = {F77CDA6E-CD9F-4869-8CF6-ABB9EEC3A363}
		{0A6BC50D-9F82-4BBD-AA4A-5D0F4C0405CA} = {BD368205-EEA4-4D9D-91E2-1C663D644453}
		{9D13FC8E-2945-4195-8AD4-A4B7B6B8499B} = {0A6BC50D-9F82-4BBD-AA4A-5D0F4C0405CA}
		{5B95710D-C311-442A-B702-EB5B8D32DAC6} = {0A6BC50D-9F82-4BBD-AA4A-5D0F4C0405CA}
		{0ACFCE55-A902-4004-BF92-999ADE1F997D} = {BD368205-EEA4-4D9D-91E2-1C663D644453}
		{CF8ABB64-AE24-442C-B0C1-34E7D58F8B69} = {0ACFCE55-A902-4004-BF92-999ADE1F997D}
		{B6CDFD44-DB35-4C93-8584-E998C5875E79} = {BD368205-EEA4-4D9D-91E2-1C663D644453}
		{51632821-EABF-4BCE-B511-C32F1993F3A1} = {B6CDFD44-DB35-4C93-8584-E998C5875E79}
		{E739B1E0-E362-45D5-83DF-DFA09705EF5D} = {BD368205-EEA4-4D9D-91E2-1C663D644453}
		{850A975D-AE5A-4481-BCD8-FCCBFA0C0A21} = {E739B1E0-E362-45D5-83DF-DFA09705EF5D}
		{7D21E5B6-8635-4A2B-8953-168E9CA0C5FE} = {E739B1E0-E362-45D5-83DF-DFA09705EF5D}
		{3493DF9F-D5B6-4DB1-AB1F-B052AC43305C} = {E739B1E0-E362-45D5-83DF-DFA09705EF5D}
		{C9022453-D3F7-45A8-9C42-FA4DE1C85965} = {E739B1E0-E362-45D5-83DF-DFA09705EF5D}
		{DFB291E0-5ECD-408D-9DEE-44217BACF89F} = {E739B1E0-E362-45D5-83DF-DFA09705EF5D}
		{6B609591-031A-4870-AC4D-E4E58AC6D337} = {A2CC847C-0C0C-41CE-8B9D-7908C7D2D2C4}
		{269CA0F5-4F57-4334-88D7-4C1281A181ED} = {6B609591-031A-4870-AC4D-E4E58AC6D337}
		{51C8C3A3-EF20-4A03-99E0-F700EBF05D7E} = {A2CC847C-0C0C-41CE-8B9D-7908C7D2D2C4}
		{AB3A43A1-7F7C-4469-9B64-485D5FC32AF8} = {51C8C3A3-EF20-4A03-99E0-F700EBF05D7E}
		{03CFB367-D7BC-4DFC-AA0D-8794DFB7BFFA} = {51C8C3A3-EF20-4A03-99E0-F700EBF05D7E}
		{030F8189-D13A-4C1A-A530-0DA6BF4BF616} = {51C8C3A3-EF20-4A03-99E0-F700EBF05D7E}
		{BEEE8D79-9F7A-41DA-9866-FCF6A33ED662} = {51C8C3A3-EF20-4A03-99E0-F700EBF05D7E}
		{15AE53E4-DCEC-49D4-8DFF-6CA189A9F982} = {51C8C3A3-EF20-4A03-99E0-F700EBF05D7E}
		{D8939C4D-7CFF-48B3-B149-704E9FB05F16} = {1ED810FB-24E1-4C47-A66A-35A48748F489}
		{4D8C9EBE-1695-423E-8793-1C808CB7816E} = {1ED810FB-24E1-4C47-A66A-35A48748F489}
	EndGlobalSection
	GlobalSection(ExtensibilityGlobals) = postSolution
		SolutionGuid = {F99647CA-2D29-4AD6-80F2-496D1DE8191B}
	EndGlobalSection
EndGlobal
